// !$*UTF8*$!
{
	archiveVersion = 1;
	classes = {
	};
	objectVersion = 50;
	objects = {

/* Begin PBXBuildFile section */
		204B460C21EF875C00A42580 /* AppDelegate.swift in Sources */ = {isa = PBXBuildFile; fileRef = 204B460B21EF875C00A42580 /* AppDelegate.swift */; };
		204B460E21EF875C00A42580 /* ViewController.swift in Sources */ = {isa = PBXBuildFile; fileRef = 204B460D21EF875C00A42580 /* ViewController.swift */; };
		204B461121EF875C00A42580 /* Main.storyboard in Resources */ = {isa = PBXBuildFile; fileRef = 204B460F21EF875C00A42580 /* Main.storyboard */; };
		204B461421EF875C00A42580 /* ToDo.xcdatamodeld in Sources */ = {isa = PBXBuildFile; fileRef = 204B461221EF875C00A42580 /* ToDo.xcdatamodeld */; };
		204B461621EF875E00A42580 /* Assets.xcassets in Resources */ = {isa = PBXBuildFile; fileRef = 204B461521EF875E00A42580 /* Assets.xcassets */; };
		204B461921EF875E00A42580 /* LaunchScreen.storyboard in Resources */ = {isa = PBXBuildFile; fileRef = 204B461721EF875E00A42580 /* LaunchScreen.storyboard */; };
		204B462421EF875E00A42580 /* ToDoTests.swift in Sources */ = {isa = PBXBuildFile; fileRef = 204B462321EF875E00A42580 /* ToDoTests.swift */; };
		204B462F21EF875E00A42580 /* ToDoUITests.swift in Sources */ = {isa = PBXBuildFile; fileRef = 204B462E21EF875E00A42580 /* ToDoUITests.swift */; };
/* End PBXBuildFile section */

/* Begin PBXContainerItemProxy section */
		204B462021EF875E00A42580 /* PBXContainerItemProxy */ = {
			isa = PBXContainerItemProxy;
			containerPortal = 204B460021EF875C00A42580 /* Project object */;
			proxyType = 1;
			remoteGlobalIDString = 204B460721EF875C00A42580;
			remoteInfo = ToDo;
		};
		204B462B21EF875E00A42580 /* PBXContainerItemProxy */ = {
			isa = PBXContainerItemProxy;
			containerPortal = 204B460021EF875C00A42580 /* Project object */;
			proxyType = 1;
			remoteGlobalIDString = 204B460721EF875C00A42580;
			remoteInfo = ToDo;
		};
/* End PBXContainerItemProxy section */

/* Begin PBXFileReference section */
		204B460821EF875C00A42580 /* ToDo.app */ = {isa = PBXFileReference; explicitFileType = wrapper.application; includeInIndex = 0; path = ToDo.app; sourceTree = BUILT_PRODUCTS_DIR; };
		204B460B21EF875C00A42580 /* AppDelegate.swift */ = {isa = PBXFileReference; lastKnownFileType = sourcecode.swift; path = AppDelegate.swift; sourceTree = "<group>"; };
		204B460D21EF875C00A42580 /* ViewController.swift */ = {isa = PBXFileReference; lastKnownFileType = sourcecode.swift; path = ViewController.swift; sourceTree = "<group>"; };
		204B461021EF875C00A42580 /* Base */ = {isa = PBXFileReference; lastKnownFileType = file.storyboard; name = Base; path = Base.lproj/Main.storyboard; sourceTree = "<group>"; };
		204B461321EF875C00A42580 /* ToDo.xcdatamodel */ = {isa = PBXFileReference; lastKnownFileType = wrapper.xcdatamodel; path = ToDo.xcdatamodel; sourceTree = "<group>"; };
		204B461521EF875E00A42580 /* Assets.xcassets */ = {isa = PBXFileReference; lastKnownFileType = folder.assetcatalog; path = Assets.xcassets; sourceTree = "<group>"; };
		204B461821EF875E00A42580 /* Base */ = {isa = PBXFileReference; lastKnownFileType = file.storyboard; name = Base; path = Base.lproj/LaunchScreen.storyboard; sourceTree = "<group>"; };
		204B461A21EF875E00A42580 /* Info.plist */ = {isa = PBXFileReference; lastKnownFileType = text.plist.xml; path = Info.plist; sourceTree = "<group>"; };
		204B461F21EF875E00A42580 /* ToDoTests.xctest */ = {isa = PBXFileReference; explicitFileType = wrapper.cfbundle; includeInIndex = 0; path = ToDoTests.xctest; sourceTree = BUILT_PRODUCTS_DIR; };
		204B462321EF875E00A42580 /* ToDoTests.swift */ = {isa = PBXFileReference; lastKnownFileType = sourcecode.swift; path = ToDoTests.swift; sourceTree = "<group>"; };
		204B462521EF875E00A42580 /* Info.plist */ = {isa = PBXFileReference; lastKnownFileType = text.plist.xml; path = Info.plist; sourceTree = "<group>"; };
		204B462A21EF875E00A42580 /* ToDoUITests.xctest */ = {isa = PBXFileReference; explicitFileType = wrapper.cfbundle; includeInIndex = 0; path = ToDoUITests.xctest; sourceTree = BUILT_PRODUCTS_DIR; };
		204B462E21EF875E00A42580 /* ToDoUITests.swift */ = {isa = PBXFileReference; lastKnownFileType = sourcecode.swift; path = ToDoUITests.swift; sourceTree = "<group>"; };
		204B463021EF875E00A42580 /* Info.plist */ = {isa = PBXFileReference; lastKnownFileType = text.plist.xml; path = Info.plist; sourceTree = "<group>"; };
/* End PBXFileReference section */

/* Begin PBXFrameworksBuildPhase section */
		204B460521EF875C00A42580 /* Frameworks */ = {
			isa = PBXFrameworksBuildPhase;
			buildActionMask = 2147483647;
			files = (
			);
			runOnlyForDeploymentPostprocessing = 0;
		};
		204B461C21EF875E00A42580 /* Frameworks */ = {
			isa = PBXFrameworksBuildPhase;
			buildActionMask = 2147483647;
			files = (
			);
			runOnlyForDeploymentPostprocessing = 0;
		};
		204B462721EF875E00A42580 /* Frameworks */ = {
			isa = PBXFrameworksBuildPhase;
			buildActionMask = 2147483647;
			files = (
			);
			runOnlyForDeploymentPostprocessing = 0;
		};
/* End PBXFrameworksBuildPhase section */

/* Begin PBXGroup section */
		204B45FF21EF875C00A42580 = {
			isa = PBXGroup;
			children = (
				204B460A21EF875C00A42580 /* ToDo */,
				204B462221EF875E00A42580 /* ToDoTests */,
				204B462D21EF875E00A42580 /* ToDoUITests */,
				204B460921EF875C00A42580 /* Products */,
			);
			sourceTree = "<group>";
		};
		204B460921EF875C00A42580 /* Products */ = {
			isa = PBXGroup;
			children = (
				204B460821EF875C00A42580 /* ToDo.app */,
				204B461F21EF875E00A42580 /* ToDoTests.xctest */,
				204B462A21EF875E00A42580 /* ToDoUITests.xctest */,
			);
			name = Products;
			sourceTree = "<group>";
		};
		204B460A21EF875C00A42580 /* ToDo */ = {
			isa = PBXGroup;
			children = (
				204B460B21EF875C00A42580 /* AppDelegate.swift */,
				204B460D21EF875C00A42580 /* ViewController.swift */,
				204B460F21EF875C00A42580 /* Main.storyboard */,
				204B461521EF875E00A42580 /* Assets.xcassets */,
				204B461721EF875E00A42580 /* LaunchScreen.storyboard */,
				204B461A21EF875E00A42580 /* Info.plist */,
				204B461221EF875C00A42580 /* ToDo.xcdatamodeld */,
			);
			path = ToDo;
			sourceTree = "<group>";
		};
		204B462221EF875E00A42580 /* ToDoTests */ = {
			isa = PBXGroup;
			children = (
				204B462321EF875E00A42580 /* ToDoTests.swift */,
				204B462521EF875E00A42580 /* Info.plist */,
			);
			path = ToDoTests;
			sourceTree = "<group>";
		};
		204B462D21EF875E00A42580 /* ToDoUITests */ = {
			isa = PBXGroup;
			children = (
				204B462E21EF875E00A42580 /* ToDoUITests.swift */,
				204B463021EF875E00A42580 /* Info.plist */,
			);
			path = ToDoUITests;
			sourceTree = "<group>";
		};
/* End PBXGroup section */

/* Begin PBXNativeTarget section */
		204B460721EF875C00A42580 /* ToDo */ = {
			isa = PBXNativeTarget;
			buildConfigurationList = 204B463321EF875E00A42580 /* Build configuration list for PBXNativeTarget "ToDo" */;
			buildPhases = (
				204B460421EF875C00A42580 /* Sources */,
				204B460521EF875C00A42580 /* Frameworks */,
				204B460621EF875C00A42580 /* Resources */,
			);
			buildRules = (
			);
			dependencies = (
			);
			name = ToDo;
			productName = ToDo;
			productReference = 204B460821EF875C00A42580 /* ToDo.app */;
			productType = "com.apple.product-type.application";
		};
		204B461E21EF875E00A42580 /* ToDoTests */ = {
			isa = PBXNativeTarget;
			buildConfigurationList = 204B463621EF875E00A42580 /* Build configuration list for PBXNativeTarget "ToDoTests" */;
			buildPhases = (
				204B461B21EF875E00A42580 /* Sources */,
				204B461C21EF875E00A42580 /* Frameworks */,
				204B461D21EF875E00A42580 /* Resources */,
			);
			buildRules = (
			);
			dependencies = (
				204B462121EF875E00A42580 /* PBXTargetDependency */,
			);
			name = ToDoTests;
			productName = ToDoTests;
			productReference = 204B461F21EF875E00A42580 /* ToDoTests.xctest */;
			productType = "com.apple.product-type.bundle.unit-test";
		};
		204B462921EF875E00A42580 /* ToDoUITests */ = {
			isa = PBXNativeTarget;
			buildConfigurationList = 204B463921EF875E00A42580 /* Build configuration list for PBXNativeTarget "ToDoUITests" */;
			buildPhases = (
				204B462621EF875E00A42580 /* Sources */,
				204B462721EF875E00A42580 /* Frameworks */,
				204B462821EF875E00A42580 /* Resources */,
			);
			buildRules = (
			);
			dependencies = (
				204B462C21EF875E00A42580 /* PBXTargetDependency */,
			);
			name = ToDoUITests;
			productName = ToDoUITests;
			productReference = 204B462A21EF875E00A42580 /* ToDoUITests.xctest */;
			productType = "com.apple.product-type.bundle.ui-testing";
		};
/* End PBXNativeTarget section */

/* Begin PBXProject section */
		204B460021EF875C00A42580 /* Project object */ = {
			isa = PBXProject;
			attributes = {
				LastSwiftUpdateCheck = 1000;
				LastUpgradeCheck = 1000;
				ORGANIZATIONNAME = "Lauren Small";
				TargetAttributes = {
					204B460721EF875C00A42580 = {
						CreatedOnToolsVersion = 10.0;
					};
					204B461E21EF875E00A42580 = {
						CreatedOnToolsVersion = 10.0;
						TestTargetID = 204B460721EF875C00A42580;
					};
					204B462921EF875E00A42580 = {
						CreatedOnToolsVersion = 10.0;
						TestTargetID = 204B460721EF875C00A42580;
					};
				};
			};
			buildConfigurationList = 204B460321EF875C00A42580 /* Build configuration list for PBXProject "ToDo" */;
			compatibilityVersion = "Xcode 9.3";
			developmentRegion = en;
			hasScannedForEncodings = 0;
			knownRegions = (
				en,
				Base,
			);
			mainGroup = 204B45FF21EF875C00A42580;
			productRefGroup = 204B460921EF875C00A42580 /* Products */;
			projectDirPath = "";
			projectRoot = "";
			targets = (
				204B460721EF875C00A42580 /* ToDo */,
				204B461E21EF875E00A42580 /* ToDoTests */,
				204B462921EF875E00A42580 /* ToDoUITests */,
			);
		};
/* End PBXProject section */

/* Begin PBXResourcesBuildPhase section */
		204B460621EF875C00A42580 /* Resources */ = {
			isa = PBXResourcesBuildPhase;
			buildActionMask = 2147483647;
			files = (
				204B461921EF875E00A42580 /* LaunchScreen.storyboard in Resources */,
				204B461621EF875E00A42580 /* Assets.xcassets in Resources */,
				204B461121EF875C00A42580 /* Main.storyboard in Resources */,
			);
			runOnlyForDeploymentPostprocessing = 0;
		};
		204B461D21EF875E00A42580 /* Resources */ = {
			isa = PBXResourcesBuildPhase;
			buildActionMask = 2147483647;
			files = (
			);
			runOnlyForDeploymentPostprocessing = 0;
		};
		204B462821EF875E00A42580 /* Resources */ = {
			isa = PBXResourcesBuildPhase;
			buildActionMask = 2147483647;
			files = (
			);
			runOnlyForDeploymentPostprocessing = 0;
		};
/* End PBXResourcesBuildPhase section */

/* Begin PBXSourcesBuildPhase section */
		204B460421EF875C00A42580 /* Sources */ = {
			isa = PBXSourcesBuildPhase;
			buildActionMask = 2147483647;
			files = (
				204B460E21EF875C00A42580 /* ViewController.swift in Sources */,
				204B461421EF875C00A42580 /* ToDo.xcdatamodeld in Sources */,
				204B460C21EF875C00A42580 /* AppDelegate.swift in Sources */,
			);
			runOnlyForDeploymentPostprocessing = 0;
		};
		204B461B21EF875E00A42580 /* Sources */ = {
			isa = PBXSourcesBuildPhase;
			buildActionMask = 2147483647;
			files = (
				204B462421EF875E00A42580 /* ToDoTests.swift in Sources */,
			);
			runOnlyForDeploymentPostprocessing = 0;
		};
		204B462621EF875E00A42580 /* Sources */ = {
			isa = PBXSourcesBuildPhase;
			buildActionMask = 2147483647;
			files = (
				204B462F21EF875E00A42580 /* ToDoUITests.swift in Sources */,
			);
			runOnlyForDeploymentPostprocessing = 0;
		};
/* End PBXSourcesBuildPhase section */

/* Begin PBXTargetDependency section */
		204B462121EF875E00A42580 /* PBXTargetDependency */ = {
			isa = PBXTargetDependency;
			target = 204B460721EF875C00A42580 /* ToDo */;
			targetProxy = 204B462021EF875E00A42580 /* PBXContainerItemProxy */;
		};
		204B462C21EF875E00A42580 /* PBXTargetDependency */ = {
			isa = PBXTargetDependency;
			target = 204B460721EF875C00A42580 /* ToDo */;
			targetProxy = 204B462B21EF875E00A42580 /* PBXContainerItemProxy */;
		};
/* End PBXTargetDependency section */

/* Begin PBXVariantGroup section */
		204B460F21EF875C00A42580 /* Main.storyboard */ = {
			isa = PBXVariantGroup;
			children = (
				204B461021EF875C00A42580 /* Base */,
			);
			name = Main.storyboard;
			sourceTree = "<group>";
		};
		204B461721EF875E00A42580 /* LaunchScreen.storyboard */ = {
			isa = PBXVariantGroup;
			children = (
				204B461821EF875E00A42580 /* Base */,
			);
			name = LaunchScreen.storyboard;
			sourceTree = "<group>";
		};
/* End PBXVariantGroup section */

/* Begin XCBuildConfiguration section */
		204B463121EF875E00A42580 /* Debug */ = {
			isa = XCBuildConfiguration;
			buildSettings = {
				ALWAYS_SEARCH_USER_PATHS = NO;
				CLANG_ANALYZER_NONNULL = YES;
				CLANG_ANALYZER_NUMBER_OBJECT_CONVERSION = YES_AGGRESSIVE;
				CLANG_CXX_LANGUAGE_STANDARD = "gnu++14";
				CLANG_CXX_LIBRARY = "libc++";
				CLANG_ENABLE_MODULES = YES;
				CLANG_ENABLE_OBJC_ARC = YES;
				CLANG_ENABLE_OBJC_WEAK = YES;
				CLANG_WARN_BLOCK_CAPTURE_AUTORELEASING = YES;
				CLANG_WARN_BOOL_CONVERSION = YES;
				CLANG_WARN_COMMA = YES;
				CLANG_WARN_CONSTANT_CONVERSION = YES;
				CLANG_WARN_DEPRECATED_OBJC_IMPLEMENTATIONS = YES;
				CLANG_WARN_DIRECT_OBJC_ISA_USAGE = YES_ERROR;
				CLANG_WARN_DOCUMENTATION_COMMENTS = YES;
				CLANG_WARN_EMPTY_BODY = YES;
				CLANG_WARN_ENUM_CONVERSION = YES;
				CLANG_WARN_INFINITE_RECURSION = YES;
				CLANG_WARN_INT_CONVERSION = YES;
				CLANG_WARN_NON_LITERAL_NULL_CONVERSION = YES;
				CLANG_WARN_OBJC_IMPLICIT_RETAIN_SELF = YES;
				CLANG_WARN_OBJC_LITERAL_CONVERSION = YES;
				CLANG_WARN_OBJC_ROOT_CLASS = YES_ERROR;
				CLANG_WARN_RANGE_LOOP_ANALYSIS = YES;
				CLANG_WARN_STRICT_PROTOTYPES = YES;
				CLANG_WARN_SUSPICIOUS_MOVE = YES;
				CLANG_WARN_UNGUARDED_AVAILABILITY = YES_AGGRESSIVE;
				CLANG_WARN_UNREACHABLE_CODE = YES;
				CLANG_WARN__DUPLICATE_METHOD_MATCH = YES;
				CODE_SIGN_IDENTITY = "iPhone Developer";
				COPY_PHASE_STRIP = NO;
				DEBUG_INFORMATION_FORMAT = dwarf;
				ENABLE_STRICT_OBJC_MSGSEND = YES;
				ENABLE_TESTABILITY = YES;
				GCC_C_LANGUAGE_STANDARD = gnu11;
				GCC_DYNAMIC_NO_PIC = NO;
				GCC_NO_COMMON_BLOCKS = YES;
				GCC_OPTIMIZATION_LEVEL = 0;
				GCC_PREPROCESSOR_DEFINITIONS = (
					"DEBUG=1",
					"$(inherited)",
				);
				GCC_WARN_64_TO_32_BIT_CONVERSION = YES;
				GCC_WARN_ABOUT_RETURN_TYPE = YES_ERROR;
				GCC_WARN_UNDECLARED_SELECTOR = YES;
				GCC_WARN_UNINITIALIZED_AUTOS = YES_AGGRESSIVE;
				GCC_WARN_UNUSED_FUNCTION = YES;
				GCC_WARN_UNUSED_VARIABLE = YES;
				IPHONEOS_DEPLOYMENT_TARGET = 12.0;
				MTL_ENABLE_DEBUG_INFO = INCLUDE_SOURCE;
				MTL_FAST_MATH = YES;
				ONLY_ACTIVE_ARCH = YES;
				SDKROOT = iphoneos;
				SWIFT_ACTIVE_COMPILATION_CONDITIONS = DEBUG;
				SWIFT_OPTIMIZATION_LEVEL = "-Onone";
			};
			name = Debug;
		};
		204B463221EF875E00A42580 /* Release */ = {
			isa = XCBuildConfiguration;
			buildSettings = {
				ALWAYS_SEARCH_USER_PATHS = NO;
				CLANG_ANALYZER_NONNULL = YES;
				CLANG_ANALYZER_NUMBER_OBJECT_CONVERSION = YES_AGGRESSIVE;
				CLANG_CXX_LANGUAGE_STANDARD = "gnu++14";
				CLANG_CXX_LIBRARY = "libc++";
				CLANG_ENABLE_MODULES = YES;
				CLANG_ENABLE_OBJC_ARC = YES;
				CLANG_ENABLE_OBJC_WEAK = YES;
				CLANG_WARN_BLOCK_CAPTURE_AUTORELEASING = YES;
				CLANG_WARN_BOOL_CONVERSION = YES;
				CLANG_WARN_COMMA = YES;
				CLANG_WARN_CONSTANT_CONVERSION = YES;
				CLANG_WARN_DEPRECATED_OBJC_IMPLEMENTATIONS = YES;
				CLANG_WARN_DIRECT_OBJC_ISA_USAGE = YES_ERROR;
				CLANG_WARN_DOCUMENTATION_COMMENTS = YES;
				CLANG_WARN_EMPTY_BODY = YES;
				CLANG_WARN_ENUM_CONVERSION = YES;
				CLANG_WARN_INFINITE_RECURSION = YES;
				CLANG_WARN_INT_CONVERSION = YES;
				CLANG_WARN_NON_LITERAL_NULL_CONVERSION = YES;
				CLANG_WARN_OBJC_IMPLICIT_RETAIN_SELF = YES;
				CLANG_WARN_OBJC_LITERAL_CONVERSION = YES;
				CLANG_WARN_OBJC_ROOT_CLASS = YES_ERROR;
				CLANG_WARN_RANGE_LOOP_ANALYSIS = YES;
				CLANG_WARN_STRICT_PROTOTYPES = YES;
				CLANG_WARN_SUSPICIOUS_MOVE = YES;
				CLANG_WARN_UNGUARDED_AVAILABILITY = YES_AGGRESSIVE;
				CLANG_WARN_UNREACHABLE_CODE = YES;
				CLANG_WARN__DUPLICATE_METHOD_MATCH = YES;
				CODE_SIGN_IDENTITY = "iPhone Developer";
				COPY_PHASE_STRIP = NO;
				DEBUG_INFORMATION_FORMAT = "dwarf-with-dsym";
				ENABLE_NS_ASSERTIONS = NO;
				ENABLE_STRICT_OBJC_MSGSEND = YES;
				GCC_C_LANGUAGE_STANDARD = gnu11;
				GCC_NO_COMMON_BLOCKS = YES;
				GCC_WARN_64_TO_32_BIT_CONVERSION = YES;
				GCC_WARN_ABOUT_RETURN_TYPE = YES_ERROR;
				GCC_WARN_UNDECLARED_SELECTOR = YES;
				GCC_WARN_UNINITIALIZED_AUTOS = YES_AGGRESSIVE;
				GCC_WARN_UNUSED_FUNCTION = YES;
				GCC_WARN_UNUSED_VARIABLE = YES;
				IPHONEOS_DEPLOYMENT_TARGET = 12.0;
				MTL_ENABLE_DEBUG_INFO = NO;
				MTL_FAST_MATH = YES;
				SDKROOT = iphoneos;
				SWIFT_COMPILATION_MODE = wholemodule;
				SWIFT_OPTIMIZATION_LEVEL = "-O";
				VALIDATE_PRODUCT = YES;
			};
			name = Release;
		};
		204B463421EF875E00A42580 /* Debug */ = {
			isa = XCBuildConfiguration;
			buildSettings = {
				ASSETCATALOG_COMPILER_APPICON_NAME = AppIcon;
				CODE_SIGN_STYLE = Automatic;
				INFOPLIST_FILE = ToDo/Info.plist;
				LD_RUNPATH_SEARCH_PATHS = (
					"$(inherited)",
					"@executable_path/Frameworks",
				);
				PRODUCT_BUNDLE_IDENTIFIER = com.detroitlabs.ToDo;
				PRODUCT_NAME = "$(TARGET_NAME)";
				SWIFT_VERSION = 4.2;
				TARGETED_DEVICE_FAMILY = "1,2";
			};
			name = Debug;
		};
		204B463521EF875E00A42580 /* Release */ = {
			isa = XCBuildConfiguration;
			buildSettings = {
				ASSETCATALOG_COMPILER_APPICON_NAME = AppIcon;
				CODE_SIGN_STYLE = Automatic;
				INFOPLIST_FILE = ToDo/Info.plist;
				LD_RUNPATH_SEARCH_PATHS = (
					"$(inherited)",
					"@executable_path/Frameworks",
				);
				PRODUCT_BUNDLE_IDENTIFIER = com.detroitlabs.ToDo;
				PRODUCT_NAME = "$(TARGET_NAME)";
				SWIFT_VERSION = 4.2;
				TARGETED_DEVICE_FAMILY = "1,2";
			};
			name = Release;
		};
		204B463721EF875E00A42580 /* Debug */ = {
			isa = XCBuildConfiguration;
			buildSettings = {
				ALWAYS_EMBED_SWIFT_STANDARD_LIBRARIES = YES;
				BUNDLE_LOADER = "$(TEST_HOST)";
				CODE_SIGN_STYLE = Automatic;
				INFOPLIST_FILE = ToDoTests/Info.plist;
				LD_RUNPATH_SEARCH_PATHS = (
					"$(inherited)",
					"@executable_path/Frameworks",
					"@loader_path/Frameworks",
				);
				PRODUCT_BUNDLE_IDENTIFIER = com.detroitlabs.ToDoTests;
				PRODUCT_NAME = "$(TARGET_NAME)";
				SWIFT_VERSION = 4.2;
				TARGETED_DEVICE_FAMILY = "1,2";
				TEST_HOST = "$(BUILT_PRODUCTS_DIR)/ToDo.app/ToDo";
			};
			name = Debug;
		};
		204B463821EF875E00A42580 /* Release */ = {
			isa = XCBuildConfiguration;
			buildSettings = {
				ALWAYS_EMBED_SWIFT_STANDARD_LIBRARIES = YES;
				BUNDLE_LOADER = "$(TEST_HOST)";
				CODE_SIGN_STYLE = Automatic;
				INFOPLIST_FILE = ToDoTests/Info.plist;
				LD_RUNPATH_SEARCH_PATHS = (
					"$(inherited)",
					"@executable_path/Frameworks",
					"@loader_path/Frameworks",
				);
				PRODUCT_BUNDLE_IDENTIFIER = com.detroitlabs.ToDoTests;
				PRODUCT_NAME = "$(TARGET_NAME)";
				SWIFT_VERSION = 4.2;
				TARGETED_DEVICE_FAMILY = "1,2";
				TEST_HOST = "$(BUILT_PRODUCTS_DIR)/ToDo.app/ToDo";
			};
			name = Release;
		};
		204B463A21EF875E00A42580 /* Debug */ = {
			isa = XCBuildConfiguration;
			buildSettings = {
				ALWAYS_EMBED_SWIFT_STANDARD_LIBRARIES = YES;
				CODE_SIGN_STYLE = Automatic;
				INFOPLIST_FILE = ToDoUITests/Info.plist;
				LD_RUNPATH_SEARCH_PATHS = (
					"$(inherited)",
					"@executable_path/Frameworks",
					"@loader_path/Frameworks",
				);
				PRODUCT_BUNDLE_IDENTIFIER = com.detroitlabs.ToDoUITests;
				PRODUCT_NAME = "$(TARGET_NAME)";
				SWIFT_VERSION = 4.2;
				TARGETED_DEVICE_FAMILY = "1,2";
				TEST_TARGET_NAME = ToDo;
			};
			name = Debug;
		};
		204B463B21EF875E00A42580 /* Release */ = {
			isa = XCBuildConfiguration;
			buildSettings = {
				ALWAYS_EMBED_SWIFT_STANDARD_LIBRARIES = YES;
				CODE_SIGN_STYLE = Automatic;
				INFOPLIST_FILE = ToDoUITests/Info.plist;
				LD_RUNPATH_SEARCH_PATHS = (
					"$(inherited)",
					"@executable_path/Frameworks",
					"@loader_path/Frameworks",
				);
				PRODUCT_BUNDLE_IDENTIFIER = com.detroitlabs.ToDoUITests;
				PRODUCT_NAME = "$(TARGET_NAME)";
				SWIFT_VERSION = 4.2;
				TARGETED_DEVICE_FAMILY = "1,2";
				TEST_TARGET_NAME = ToDo;
			};
			name = Release;
		};
/* End XCBuildConfiguration section */

/* Begin XCConfigurationList section */
		204B460321EF875C00A42580 /* Build configuration list for PBXProject "ToDo" */ = {
			isa = XCConfigurationList;
			buildConfigurations = (
				204B463121EF875E00A42580 /* Debug */,
				204B463221EF875E00A42580 /* Release */,
			);
			defaultConfigurationIsVisible = 0;
			defaultConfigurationName = Release;
		};
		204B463321EF875E00A42580 /* Build configuration list for PBXNativeTarget "ToDo" */ = {
			isa = XCConfigurationList;
			buildConfigurations = (
				204B463421EF875E00A42580 /* Debug */,
				204B463521EF875E00A42580 /* Release */,
			);
			defaultConfigurationIsVisible = 0;
			defaultConfigurationName = Release;
		};
		204B463621EF875E00A42580 /* Build configuration list for PBXNativeTarget "ToDoTests" */ = {
			isa = XCConfigurationList;
			buildConfigurations = (
				204B463721EF875E00A42580 /* Debug */,
				204B463821EF875E00A42580 /* Release */,
			);
			defaultConfigurationIsVisible = 0;
			defaultConfigurationName = Release;
		};
		204B463921EF875E00A42580 /* Build configuration list for PBXNativeTarget "ToDoUITests" */ = {
			isa = XCConfigurationList;
			buildConfigurations = (
				204B463A21EF875E00A42580 /* Debug */,
				204B463B21EF875E00A42580 /* Release */,
			);
			defaultConfigurationIsVisible = 0;
			defaultConfigurationName = Release;
		};
/* End XCConfigurationList section */

/* Begin XCVersionGroup section */
		204B461221EF875C00A42580 /* ToDo.xcdatamodeld */ = {
			isa = XCVersionGroup;
			children = (
				204B461321EF875C00A42580 /* ToDo.xcdatamodel */,
			);
			currentVersion = 204B461321EF875C00A42580 /* ToDo.xcdatamodel */;
			path = ToDo.xcdatamodeld;
			sourceTree = "<group>";
			versionGroupType = wrapper.xcdatamodel;
		};
/* End XCVersionGroup section */
	};
	rootObject = 204B460021EF875C00A42580 /* Project object */;
}
